
Microsoft Visual Studio Solution File, Format Version 12.00
# Visual Studio Version 16
VisualStudioVersion = 16.0.31613.86
MinimumVisualStudioVersion = 10.0.40219.1
Project("{FAE04EC0-301F-11D3-BF4B-00C04F79EFBC}") = "WPFTest", "WPFTest\WPFTest.csproj", "{93AD94FA-F8C3-4230-8229-782B768F8FF9}"
EndProject
Project("{FAE04EC0-301F-11D3-BF4B-00C04F79EFBC}") = "BaseComponents", "BaseComponents\BaseComponents.csproj", "{9184CE63-96B2-4A94-9F36-8EAC780C8B73}"
EndProject
Project("{FAE04EC0-301F-11D3-BF4B-00C04F79EFBC}") = "Utils", "Utils\Utils.csproj", "{9FF07E0A-697E-4A9A-AA21-599135C3561E}"
EndProject
Project("{FAE04EC0-301F-11D3-BF4B-00C04F79EFBC}") = "Models", "Models\Models.csproj", "{BD69380B-D3C1-474F-B45D-FE14C11E64EB}"
EndProject
Project("{2150E333-8FDC-42A3-9474-1A3956D46DE8}") = "Dll", "Dll", "{BED17DAC-D7ED-436C-BCB0-918209BE6F1B}"
EndProject
Project("{FAE04EC0-301F-11D3-BF4B-00C04F79EFBC}") = "dll_csharp", "dll_csharp\dll_csharp.csproj", "{39FD8FEA-A76C-487D-B9BE-6AE0EEE96A2F}"
EndProject
Project("{8BC9CEB8-8B4A-11D0-8D11-00A0C91BC942}") = "dll_clr", "dll_clr\dll_clr.vcxproj", "{BF31AA4B-E4F3-4EC8-A96A-EAE25D9DD6DD}"
EndProject
Project("{8BC9CEB8-8B4A-11D0-8D11-00A0C91BC942}") = "dll_cpp", "dll_cpp\dll_cpp.vcxproj", "{7D171B5B-87B3-4A56-91FA-FB1FFFC1C2C9}"
EndProject
Project("{2150E333-8FDC-42A3-9474-1A3956D46DE8}") = "COM", "COM", "{D360CA4E-E137-418F-9D21-091915AD3723}"
EndProject
Project("{FAE04EC0-301F-11D3-BF4B-00C04F79EFBC}") = "DeviceInterfaces", "DeviceInterfaces\DeviceInterfaces.csproj", "{041549F7-AA1E-4FD9-9AA7-39A5497B7402}"
EndProject
Project("{FAE04EC0-301F-11D3-BF4B-00C04F79EFBC}") = "dll_csharp2", "dll_csharp2\dll_csharp2.csproj", "{1B5769C3-C52F-4E00-A68C-CB2BE2FBEFA9}"
EndProject
Project("{2150E333-8FDC-42A3-9474-1A3956D46DE8}") = "WS", "WS", "{4A2582CF-E008-40FC-BF09-1C686EAC1B16}"
EndProject
Project("{FAE04EC0-301F-11D3-BF4B-00C04F79EFBC}") = "WebServiceClient", "WebServiceClient\WebServiceClient.csproj", "{274BAB71-DF15-42DD-AE5C-9795E3D53828}"
EndProject
Project("{FAE04EC0-301F-11D3-BF4B-00C04F79EFBC}") = "dll_csharp2019", "dll_csharp2019\dll_csharp2019.csproj", "{1A219133-1126-4B64-AE70-369B06ABC9EB}"
EndProject
Project("{FAE04EC0-301F-11D3-BF4B-00C04F79EFBC}") = "dll_csharp2021", "dll_csharp2021\dll_csharp2021.csproj", "{E3C9C8F0-E05D-45BD-97EC-42B65C5B3C66}"
EndProject
Project("{8BC9CEB8-8B4A-11D0-8D11-00A0C91BC942}") = "dll20211013", "dll20211013\dll20211013.vcxproj", "{2424B81B-FAF7-42F0-AC41-A63337654F7A}"
EndProject
Project("{FAE04EC0-301F-11D3-BF4B-00C04F79EFBC}") = "WindowsService1", "WindowsService1\WindowsService1.csproj", "{5576778B-34EC-43AE-A62E-7A233356CDCF}"
EndProject
Project("{FAE04EC0-301F-11D3-BF4B-00C04F79EFBC}") = "MyInterfaces", "MyInterfaces\MyInterfaces.csproj", "{2CF5BA37-FE2F-404C-AFFD-420E73A17C4B}"
EndProject
Project("{FAE04EC0-301F-11D3-BF4B-00C04F79EFBC}") = "SerializeTest", "SerializeTest\SerializeTest.csproj", "{B66479B8-22EE-408E-8B2F-F86BD948B47A}"
EndProject
Global
	GlobalSection(SolutionConfigurationPlatforms) = preSolution
		CD_ROM|Any CPU = CD_ROM|Any CPU
		CD_ROM|x64 = CD_ROM|x64
		CD_ROM|x86 = CD_ROM|x86
		Debug|Any CPU = Debug|Any CPU
		Debug|x64 = Debug|x64
		Debug|x86 = Debug|x86
		DVD-5|Any CPU = DVD-5|Any CPU
		DVD-5|x64 = DVD-5|x64
		DVD-5|x86 = DVD-5|x86
		Release|Any CPU = Release|Any CPU
		Release|x64 = Release|x64
		Release|x86 = Release|x86
		SingleImage|Any CPU = SingleImage|Any CPU
		SingleImage|x64 = SingleImage|x64
		SingleImage|x86 = SingleImage|x86
	EndGlobalSection
	GlobalSection(ProjectConfigurationPlatforms) = postSolution
		{93AD94FA-F8C3-4230-8229-782B768F8FF9}.CD_ROM|Any CPU.ActiveCfg = Release|Any CPU
		{93AD94FA-F8C3-4230-8229-782B768F8FF9}.CD_ROM|Any CPU.Build.0 = Release|Any CPU
		{93AD94FA-F8C3-4230-8229-782B768F8FF9}.CD_ROM|x64.ActiveCfg = Debug|Any CPU
		{93AD94FA-F8C3-4230-8229-782B768F8FF9}.CD_ROM|x64.Build.0 = Debug|Any CPU
		{93AD94FA-F8C3-4230-8229-782B768F8FF9}.CD_ROM|x86.ActiveCfg = Debug|Any CPU
		{93AD94FA-F8C3-4230-8229-782B768F8FF9}.CD_ROM|x86.Build.0 = Debug|Any CPU
		{93AD94FA-F8C3-4230-8229-782B768F8FF9}.Debug|Any CPU.ActiveCfg = Debug|Any CPU
		{93AD94FA-F8C3-4230-8229-782B768F8FF9}.Debug|Any CPU.Build.0 = Debug|Any CPU
		{93AD94FA-F8C3-4230-8229-782B768F8FF9}.Debug|x64.ActiveCfg = Debug|Any CPU
		{93AD94FA-F8C3-4230-8229-782B768F8FF9}.Debug|x64.Build.0 = Debug|Any CPU
		{93AD94FA-F8C3-4230-8229-782B768F8FF9}.Debug|x86.ActiveCfg = Debug|Any CPU
		{93AD94FA-F8C3-4230-8229-782B768F8FF9}.Debug|x86.Build.0 = Debug|Any CPU
		{93AD94FA-F8C3-4230-8229-782B768F8FF9}.DVD-5|Any CPU.ActiveCfg = Debug|Any CPU
		{93AD94FA-F8C3-4230-8229-782B768F8FF9}.DVD-5|Any CPU.Build.0 = Debug|Any CPU
		{93AD94FA-F8C3-4230-8229-782B768F8FF9}.DVD-5|x64.ActiveCfg = Debug|Any CPU
		{93AD94FA-F8C3-4230-8229-782B768F8FF9}.DVD-5|x64.Build.0 = Debug|Any CPU
		{93AD94FA-F8C3-4230-8229-782B768F8FF9}.DVD-5|x86.ActiveCfg = Debug|Any CPU
		{93AD94FA-F8C3-4230-8229-782B768F8FF9}.DVD-5|x86.Build.0 = Debug|Any CPU
		{93AD94FA-F8C3-4230-8229-782B768F8FF9}.Release|Any CPU.ActiveCfg = Release|Any CPU
		{93AD94FA-F8C3-4230-8229-782B768F8FF9}.Release|Any CPU.Build.0 = Release|Any CPU
		{93AD94FA-F8C3-4230-8229-782B768F8FF9}.Release|x64.ActiveCfg = Release|Any CPU
		{93AD94FA-F8C3-4230-8229-782B768F8FF9}.Release|x64.Build.0 = Release|Any CPU
		{93AD94FA-F8C3-4230-8229-782B768F8FF9}.Release|x86.ActiveCfg = Release|Any CPU
		{93AD94FA-F8C3-4230-8229-782B768F8FF9}.Release|x86.Build.0 = Release|Any CPU
		{93AD94FA-F8C3-4230-8229-782B768F8FF9}.SingleImage|Any CPU.ActiveCfg = Release|Any CPU
		{93AD94FA-F8C3-4230-8229-782B768F8FF9}.SingleImage|Any CPU.Build.0 = Release|Any CPU
		{93AD94FA-F8C3-4230-8229-782B768F8FF9}.SingleImage|x64.ActiveCfg = Debug|Any CPU
		{93AD94FA-F8C3-4230-8229-782B768F8FF9}.SingleImage|x64.Build.0 = Debug|Any CPU
		{93AD94FA-F8C3-4230-8229-782B768F8FF9}.SingleImage|x86.ActiveCfg = Debug|Any CPU
		{93AD94FA-F8C3-4230-8229-782B768F8FF9}.SingleImage|x86.Build.0 = Debug|Any CPU
		{9184CE63-96B2-4A94-9F36-8EAC780C8B73}.CD_ROM|Any CPU.ActiveCfg = Release|Any CPU
		{9184CE63-96B2-4A94-9F36-8EAC780C8B73}.CD_ROM|Any CPU.Build.0 = Release|Any CPU
		{9184CE63-96B2-4A94-9F36-8EAC780C8B73}.CD_ROM|x64.ActiveCfg = Debug|Any CPU
		{9184CE63-96B2-4A94-9F36-8EAC780C8B73}.CD_ROM|x64.Build.0 = Debug|Any CPU
		{9184CE63-96B2-4A94-9F36-8EAC780C8B73}.CD_ROM|x86.ActiveCfg = Debug|Any CPU
		{9184CE63-96B2-4A94-9F36-8EAC780C8B73}.CD_ROM|x86.Build.0 = Debug|Any CPU
		{9184CE63-96B2-4A94-9F36-8EAC780C8B73}.Debug|Any CPU.ActiveCfg = Debug|Any CPU
		{9184CE63-96B2-4A94-9F36-8EAC780C8B73}.Debug|Any CPU.Build.0 = Debug|Any CPU
		{9184CE63-96B2-4A94-9F36-8EAC780C8B73}.Debug|x64.ActiveCfg = Debug|Any CPU
		{9184CE63-96B2-4A94-9F36-8EAC780C8B73}.Debug|x64.Build.0 = Debug|Any CPU
		{9184CE63-96B2-4A94-9F36-8EAC780C8B73}.Debug|x86.ActiveCfg = Debug|Any CPU
		{9184CE63-96B2-4A94-9F36-8EAC780C8B73}.Debug|x86.Build.0 = Debug|Any CPU
		{9184CE63-96B2-4A94-9F36-8EAC780C8B73}.DVD-5|Any CPU.ActiveCfg = Debug|Any CPU
		{9184CE63-96B2-4A94-9F36-8EAC780C8B73}.DVD-5|Any CPU.Build.0 = Debug|Any CPU
		{9184CE63-96B2-4A94-9F36-8EAC780C8B73}.DVD-5|x64.ActiveCfg = Debug|Any CPU
		{9184CE63-96B2-4A94-9F36-8EAC780C8B73}.DVD-5|x64.Build.0 = Debug|Any CPU
		{9184CE63-96B2-4A94-9F36-8EAC780C8B73}.DVD-5|x86.ActiveCfg = Debug|Any CPU
		{9184CE63-96B2-4A94-9F36-8EAC780C8B73}.DVD-5|x86.Build.0 = Debug|Any CPU
		{9184CE63-96B2-4A94-9F36-8EAC780C8B73}.Release|Any CPU.ActiveCfg = Release|Any CPU
		{9184CE63-96B2-4A94-9F36-8EAC780C8B73}.Release|Any CPU.Build.0 = Release|Any CPU
		{9184CE63-96B2-4A94-9F36-8EAC780C8B73}.Release|x64.ActiveCfg = Release|Any CPU
		{9184CE63-96B2-4A94-9F36-8EAC780C8B73}.Release|x64.Build.0 = Release|Any CPU
		{9184CE63-96B2-4A94-9F36-8EAC780C8B73}.Release|x86.ActiveCfg = Release|Any CPU
		{9184CE63-96B2-4A94-9F36-8EAC780C8B73}.Release|x86.Build.0 = Release|Any CPU
		{9184CE63-96B2-4A94-9F36-8EAC780C8B73}.SingleImage|Any CPU.ActiveCfg = Release|Any CPU
		{9184CE63-96B2-4A94-9F36-8EAC780C8B73}.SingleImage|Any CPU.Build.0 = Release|Any CPU
		{9184CE63-96B2-4A94-9F36-8EAC780C8B73}.SingleImage|x64.ActiveCfg = Debug|Any CPU
		{9184CE63-96B2-4A94-9F36-8EAC780C8B73}.SingleImage|x64.Build.0 = Debug|Any CPU
		{9184CE63-96B2-4A94-9F36-8EAC780C8B73}.SingleImage|x86.ActiveCfg = Debug|Any CPU
		{9184CE63-96B2-4A94-9F36-8EAC780C8B73}.SingleImage|x86.Build.0 = Debug|Any CPU
		{9FF07E0A-697E-4A9A-AA21-599135C3561E}.CD_ROM|Any CPU.ActiveCfg = Release|Any CPU
		{9FF07E0A-697E-4A9A-AA21-599135C3561E}.CD_ROM|Any CPU.Build.0 = Release|Any CPU
		{9FF07E0A-697E-4A9A-AA21-599135C3561E}.CD_ROM|x64.ActiveCfg = Debug|Any CPU
		{9FF07E0A-697E-4A9A-AA21-599135C3561E}.CD_ROM|x64.Build.0 = Debug|Any CPU
		{9FF07E0A-697E-4A9A-AA21-599135C3561E}.CD_ROM|x86.ActiveCfg = Debug|Any CPU
		{9FF07E0A-697E-4A9A-AA21-599135C3561E}.CD_ROM|x86.Build.0 = Debug|Any CPU
		{9FF07E0A-697E-4A9A-AA21-599135C3561E}.Debug|Any CPU.ActiveCfg = Debug|Any CPU
		{9FF07E0A-697E-4A9A-AA21-599135C3561E}.Debug|Any CPU.Build.0 = Debug|Any CPU
		{9FF07E0A-697E-4A9A-AA21-599135C3561E}.Debug|x64.ActiveCfg = Debug|Any CPU
		{9FF07E0A-697E-4A9A-AA21-599135C3561E}.Debug|x64.Build.0 = Debug|Any CPU
		{9FF07E0A-697E-4A9A-AA21-599135C3561E}.Debug|x86.ActiveCfg = Debug|Any CPU
		{9FF07E0A-697E-4A9A-AA21-599135C3561E}.Debug|x86.Build.0 = Debug|Any CPU
		{9FF07E0A-697E-4A9A-AA21-599135C3561E}.DVD-5|Any CPU.ActiveCfg = Debug|Any CPU
		{9FF07E0A-697E-4A9A-AA21-599135C3561E}.DVD-5|Any CPU.Build.0 = Debug|Any CPU
		{9FF07E0A-697E-4A9A-AA21-599135C3561E}.DVD-5|x64.ActiveCfg = Debug|Any CPU
		{9FF07E0A-697E-4A9A-AA21-599135C3561E}.DVD-5|x64.Build.0 = Debug|Any CPU
		{9FF07E0A-697E-4A9A-AA21-599135C3561E}.DVD-5|x86.ActiveCfg = Debug|Any CPU
		{9FF07E0A-697E-4A9A-AA21-599135C3561E}.DVD-5|x86.Build.0 = Debug|Any CPU
		{9FF07E0A-697E-4A9A-AA21-599135C3561E}.Release|Any CPU.ActiveCfg = Release|Any CPU
		{9FF07E0A-697E-4A9A-AA21-599135C3561E}.Release|Any CPU.Build.0 = Release|Any CPU
		{9FF07E0A-697E-4A9A-AA21-599135C3561E}.Release|x64.ActiveCfg = Release|Any CPU
		{9FF07E0A-697E-4A9A-AA21-599135C3561E}.Release|x64.Build.0 = Release|Any CPU
		{9FF07E0A-697E-4A9A-AA21-599135C3561E}.Release|x86.ActiveCfg = Release|Any CPU
		{9FF07E0A-697E-4A9A-AA21-599135C3561E}.Release|x86.Build.0 = Release|Any CPU
		{9FF07E0A-697E-4A9A-AA21-599135C3561E}.SingleImage|Any CPU.ActiveCfg = Release|Any CPU
		{9FF07E0A-697E-4A9A-AA21-599135C3561E}.SingleImage|Any CPU.Build.0 = Release|Any CPU
		{9FF07E0A-697E-4A9A-AA21-599135C3561E}.SingleImage|x64.ActiveCfg = Debug|Any CPU
		{9FF07E0A-697E-4A9A-AA21-599135C3561E}.SingleImage|x64.Build.0 = Debug|Any CPU
		{9FF07E0A-697E-4A9A-AA21-599135C3561E}.SingleImage|x86.ActiveCfg = Debug|Any CPU
		{9FF07E0A-697E-4A9A-AA21-599135C3561E}.SingleImage|x86.Build.0 = Debug|Any CPU
		{BD69380B-D3C1-474F-B45D-FE14C11E64EB}.CD_ROM|Any CPU.ActiveCfg = Release|Any CPU
		{BD69380B-D3C1-474F-B45D-FE14C11E64EB}.CD_ROM|Any CPU.Build.0 = Release|Any CPU
		{BD69380B-D3C1-474F-B45D-FE14C11E64EB}.CD_ROM|x64.ActiveCfg = Debug|Any CPU
		{BD69380B-D3C1-474F-B45D-FE14C11E64EB}.CD_ROM|x64.Build.0 = Debug|Any CPU
		{BD69380B-D3C1-474F-B45D-FE14C11E64EB}.CD_ROM|x86.ActiveCfg = Debug|Any CPU
		{BD69380B-D3C1-474F-B45D-FE14C11E64EB}.CD_ROM|x86.Build.0 = Debug|Any CPU
		{BD69380B-D3C1-474F-B45D-FE14C11E64EB}.Debug|Any CPU.ActiveCfg = Debug|Any CPU
		{BD69380B-D3C1-474F-B45D-FE14C11E64EB}.Debug|Any CPU.Build.0 = Debug|Any CPU
		{BD69380B-D3C1-474F-B45D-FE14C11E64EB}.Debug|x64.ActiveCfg = Debug|Any CPU
		{BD69380B-D3C1-474F-B45D-FE14C11E64EB}.Debug|x64.Build.0 = Debug|Any CPU
		{BD69380B-D3C1-474F-B45D-FE14C11E64EB}.Debug|x86.ActiveCfg = Debug|Any CPU
		{BD69380B-D3C1-474F-B45D-FE14C11E64EB}.Debug|x86.Build.0 = Debug|Any CPU
		{BD69380B-D3C1-474F-B45D-FE14C11E64EB}.DVD-5|Any CPU.ActiveCfg = Debug|Any CPU
		{BD69380B-D3C1-474F-B45D-FE14C11E64EB}.DVD-5|Any CPU.Build.0 = Debug|Any CPU
		{BD69380B-D3C1-474F-B45D-FE14C11E64EB}.DVD-5|x64.ActiveCfg = Debug|Any CPU
		{BD69380B-D3C1-474F-B45D-FE14C11E64EB}.DVD-5|x64.Build.0 = Debug|Any CPU
		{BD69380B-D3C1-474F-B45D-FE14C11E64EB}.DVD-5|x86.ActiveCfg = Debug|Any CPU
		{BD69380B-D3C1-474F-B45D-FE14C11E64EB}.DVD-5|x86.Build.0 = Debug|Any CPU
		{BD69380B-D3C1-474F-B45D-FE14C11E64EB}.Release|Any CPU.ActiveCfg = Release|Any CPU
		{BD69380B-D3C1-474F-B45D-FE14C11E64EB}.Release|Any CPU.Build.0 = Release|Any CPU
		{BD69380B-D3C1-474F-B45D-FE14C11E64EB}.Release|x64.ActiveCfg = Release|Any CPU
		{BD69380B-D3C1-474F-B45D-FE14C11E64EB}.Release|x64.Build.0 = Release|Any CPU
		{BD69380B-D3C1-474F-B45D-FE14C11E64EB}.Release|x86.ActiveCfg = Release|Any CPU
		{BD69380B-D3C1-474F-B45D-FE14C11E64EB}.Release|x86.Build.0 = Release|Any CPU
		{BD69380B-D3C1-474F-B45D-FE14C11E64EB}.SingleImage|Any CPU.ActiveCfg = Release|Any CPU
		{BD69380B-D3C1-474F-B45D-FE14C11E64EB}.SingleImage|Any CPU.Build.0 = Release|Any CPU
		{BD69380B-D3C1-474F-B45D-FE14C11E64EB}.SingleImage|x64.ActiveCfg = Debug|Any CPU
		{BD69380B-D3C1-474F-B45D-FE14C11E64EB}.SingleImage|x64.Build.0 = Debug|Any CPU
		{BD69380B-D3C1-474F-B45D-FE14C11E64EB}.SingleImage|x86.ActiveCfg = Debug|Any CPU
		{BD69380B-D3C1-474F-B45D-FE14C11E64EB}.SingleImage|x86.Build.0 = Debug|Any CPU
		{39FD8FEA-A76C-487D-B9BE-6AE0EEE96A2F}.CD_ROM|Any CPU.ActiveCfg = Release|Any CPU
		{39FD8FEA-A76C-487D-B9BE-6AE0EEE96A2F}.CD_ROM|Any CPU.Build.0 = Release|Any CPU
		{39FD8FEA-A76C-487D-B9BE-6AE0EEE96A2F}.CD_ROM|x64.ActiveCfg = Release|Any CPU
		{39FD8FEA-A76C-487D-B9BE-6AE0EEE96A2F}.CD_ROM|x64.Build.0 = Release|Any CPU
		{39FD8FEA-A76C-487D-B9BE-6AE0EEE96A2F}.CD_ROM|x86.ActiveCfg = Release|Any CPU
		{39FD8FEA-A76C-487D-B9BE-6AE0EEE96A2F}.CD_ROM|x86.Build.0 = Release|Any CPU
		{39FD8FEA-A76C-487D-B9BE-6AE0EEE96A2F}.Debug|Any CPU.ActiveCfg = Debug|Any CPU
		{39FD8FEA-A76C-487D-B9BE-6AE0EEE96A2F}.Debug|Any CPU.Build.0 = Debug|Any CPU
		{39FD8FEA-A76C-487D-B9BE-6AE0EEE96A2F}.Debug|x64.ActiveCfg = Debug|Any CPU
		{39FD8FEA-A76C-487D-B9BE-6AE0EEE96A2F}.Debug|x64.Build.0 = Debug|Any CPU
		{39FD8FEA-A76C-487D-B9BE-6AE0EEE96A2F}.Debug|x86.ActiveCfg = Debug|Any CPU
		{39FD8FEA-A76C-487D-B9BE-6AE0EEE96A2F}.Debug|x86.Build.0 = Debug|Any CPU
		{39FD8FEA-A76C-487D-B9BE-6AE0EEE96A2F}.DVD-5|Any CPU.ActiveCfg = Debug|Any CPU
		{39FD8FEA-A76C-487D-B9BE-6AE0EEE96A2F}.DVD-5|Any CPU.Build.0 = Debug|Any CPU
		{39FD8FEA-A76C-487D-B9BE-6AE0EEE96A2F}.DVD-5|x64.ActiveCfg = Debug|Any CPU
		{39FD8FEA-A76C-487D-B9BE-6AE0EEE96A2F}.DVD-5|x64.Build.0 = Debug|Any CPU
		{39FD8FEA-A76C-487D-B9BE-6AE0EEE96A2F}.DVD-5|x86.ActiveCfg = Debug|Any CPU
		{39FD8FEA-A76C-487D-B9BE-6AE0EEE96A2F}.DVD-5|x86.Build.0 = Debug|Any CPU
		{39FD8FEA-A76C-487D-B9BE-6AE0EEE96A2F}.Release|Any CPU.ActiveCfg = Release|Any CPU
		{39FD8FEA-A76C-487D-B9BE-6AE0EEE96A2F}.Release|Any CPU.Build.0 = Release|Any CPU
		{39FD8FEA-A76C-487D-B9BE-6AE0EEE96A2F}.Release|x64.ActiveCfg = Release|Any CPU
		{39FD8FEA-A76C-487D-B9BE-6AE0EEE96A2F}.Release|x64.Build.0 = Release|Any CPU
		{39FD8FEA-A76C-487D-B9BE-6AE0EEE96A2F}.Release|x86.ActiveCfg = Release|Any CPU
		{39FD8FEA-A76C-487D-B9BE-6AE0EEE96A2F}.Release|x86.Build.0 = Release|Any CPU
		{39FD8FEA-A76C-487D-B9BE-6AE0EEE96A2F}.SingleImage|Any CPU.ActiveCfg = Release|Any CPU
		{39FD8FEA-A76C-487D-B9BE-6AE0EEE96A2F}.SingleImage|Any CPU.Build.0 = Release|Any CPU
		{39FD8FEA-A76C-487D-B9BE-6AE0EEE96A2F}.SingleImage|x64.ActiveCfg = Release|Any CPU
		{39FD8FEA-A76C-487D-B9BE-6AE0EEE96A2F}.SingleImage|x64.Build.0 = Release|Any CPU
		{39FD8FEA-A76C-487D-B9BE-6AE0EEE96A2F}.SingleImage|x86.ActiveCfg = Release|Any CPU
		{39FD8FEA-A76C-487D-B9BE-6AE0EEE96A2F}.SingleImage|x86.Build.0 = Release|Any CPU
		{BF31AA4B-E4F3-4EC8-A96A-EAE25D9DD6DD}.CD_ROM|Any CPU.ActiveCfg = Release|x64
		{BF31AA4B-E4F3-4EC8-A96A-EAE25D9DD6DD}.CD_ROM|Any CPU.Build.0 = Release|x64
		{BF31AA4B-E4F3-4EC8-A96A-EAE25D9DD6DD}.CD_ROM|x64.ActiveCfg = Release|x64
		{BF31AA4B-E4F3-4EC8-A96A-EAE25D9DD6DD}.CD_ROM|x64.Build.0 = Release|x64
		{BF31AA4B-E4F3-4EC8-A96A-EAE25D9DD6DD}.CD_ROM|x86.ActiveCfg = Release|Win32
		{BF31AA4B-E4F3-4EC8-A96A-EAE25D9DD6DD}.CD_ROM|x86.Build.0 = Release|Win32
		{BF31AA4B-E4F3-4EC8-A96A-EAE25D9DD6DD}.Debug|Any CPU.ActiveCfg = Debug|Win32
		{BF31AA4B-E4F3-4EC8-A96A-EAE25D9DD6DD}.Debug|x64.ActiveCfg = Debug|x64
		{BF31AA4B-E4F3-4EC8-A96A-EAE25D9DD6DD}.Debug|x64.Build.0 = Debug|x64
		{BF31AA4B-E4F3-4EC8-A96A-EAE25D9DD6DD}.Debug|x86.ActiveCfg = Debug|Win32
		{BF31AA4B-E4F3-4EC8-A96A-EAE25D9DD6DD}.Debug|x86.Build.0 = Debug|Win32
		{BF31AA4B-E4F3-4EC8-A96A-EAE25D9DD6DD}.DVD-5|Any CPU.ActiveCfg = Release|x64
		{BF31AA4B-E4F3-4EC8-A96A-EAE25D9DD6DD}.DVD-5|Any CPU.Build.0 = Release|x64
		{BF31AA4B-E4F3-4EC8-A96A-EAE25D9DD6DD}.DVD-5|x64.ActiveCfg = Debug|x64
		{BF31AA4B-E4F3-4EC8-A96A-EAE25D9DD6DD}.DVD-5|x64.Build.0 = Debug|x64
		{BF31AA4B-E4F3-4EC8-A96A-EAE25D9DD6DD}.DVD-5|x86.ActiveCfg = Debug|Win32
		{BF31AA4B-E4F3-4EC8-A96A-EAE25D9DD6DD}.DVD-5|x86.Build.0 = Debug|Win32
		{BF31AA4B-E4F3-4EC8-A96A-EAE25D9DD6DD}.Release|Any CPU.ActiveCfg = Release|Win32
		{BF31AA4B-E4F3-4EC8-A96A-EAE25D9DD6DD}.Release|x64.ActiveCfg = Release|x64
		{BF31AA4B-E4F3-4EC8-A96A-EAE25D9DD6DD}.Release|x64.Build.0 = Release|x64
		{BF31AA4B-E4F3-4EC8-A96A-EAE25D9DD6DD}.Release|x86.ActiveCfg = Release|Win32
		{BF31AA4B-E4F3-4EC8-A96A-EAE25D9DD6DD}.Release|x86.Build.0 = Release|Win32
		{BF31AA4B-E4F3-4EC8-A96A-EAE25D9DD6DD}.SingleImage|Any CPU.ActiveCfg = Release|x64
		{BF31AA4B-E4F3-4EC8-A96A-EAE25D9DD6DD}.SingleImage|Any CPU.Build.0 = Release|x64
		{BF31AA4B-E4F3-4EC8-A96A-EAE25D9DD6DD}.SingleImage|x64.ActiveCfg = Release|x64
		{BF31AA4B-E4F3-4EC8-A96A-EAE25D9DD6DD}.SingleImage|x64.Build.0 = Release|x64
		{BF31AA4B-E4F3-4EC8-A96A-EAE25D9DD6DD}.SingleImage|x86.ActiveCfg = Release|Win32
		{BF31AA4B-E4F3-4EC8-A96A-EAE25D9DD6DD}.SingleImage|x86.Build.0 = Release|Win32
		{7D171B5B-87B3-4A56-91FA-FB1FFFC1C2C9}.CD_ROM|Any CPU.ActiveCfg = Release|x64
		{7D171B5B-87B3-4A56-91FA-FB1FFFC1C2C9}.CD_ROM|Any CPU.Build.0 = Release|x64
		{7D171B5B-87B3-4A56-91FA-FB1FFFC1C2C9}.CD_ROM|x64.ActiveCfg = Release|x64
		{7D171B5B-87B3-4A56-91FA-FB1FFFC1C2C9}.CD_ROM|x64.Build.0 = Release|x64
		{7D171B5B-87B3-4A56-91FA-FB1FFFC1C2C9}.CD_ROM|x86.ActiveCfg = Release|Win32
		{7D171B5B-87B3-4A56-91FA-FB1FFFC1C2C9}.CD_ROM|x86.Build.0 = Release|Win32
		{7D171B5B-87B3-4A56-91FA-FB1FFFC1C2C9}.Debug|Any CPU.ActiveCfg = Debug|Win32
		{7D171B5B-87B3-4A56-91FA-FB1FFFC1C2C9}.Debug|x64.ActiveCfg = Debug|x64
		{7D171B5B-87B3-4A56-91FA-FB1FFFC1C2C9}.Debug|x64.Build.0 = Debug|x64
		{7D171B5B-87B3-4A56-91FA-FB1FFFC1C2C9}.Debug|x86.ActiveCfg = Debug|Win32
		{7D171B5B-87B3-4A56-91FA-FB1FFFC1C2C9}.Debug|x86.Build.0 = Debug|Win32
		{7D171B5B-87B3-4A56-91FA-FB1FFFC1C2C9}.DVD-5|Any CPU.ActiveCfg = Release|x64
		{7D171B5B-87B3-4A56-91FA-FB1FFFC1C2C9}.DVD-5|Any CPU.Build.0 = Release|x64
		{7D171B5B-87B3-4A56-91FA-FB1FFFC1C2C9}.DVD-5|x64.ActiveCfg = Debug|x64
		{7D171B5B-87B3-4A56-91FA-FB1FFFC1C2C9}.DVD-5|x64.Build.0 = Debug|x64
		{7D171B5B-87B3-4A56-91FA-FB1FFFC1C2C9}.DVD-5|x86.ActiveCfg = Debug|Win32
		{7D171B5B-87B3-4A56-91FA-FB1FFFC1C2C9}.DVD-5|x86.Build.0 = Debug|Win32
		{7D171B5B-87B3-4A56-91FA-FB1FFFC1C2C9}.Release|Any CPU.ActiveCfg = Release|Win32
		{7D171B5B-87B3-4A56-91FA-FB1FFFC1C2C9}.Release|x64.ActiveCfg = Release|x64
		{7D171B5B-87B3-4A56-91FA-FB1FFFC1C2C9}.Release|x64.Build.0 = Release|x64
		{7D171B5B-87B3-4A56-91FA-FB1FFFC1C2C9}.Release|x86.ActiveCfg = Release|Win32
		{7D171B5B-87B3-4A56-91FA-FB1FFFC1C2C9}.Release|x86.Build.0 = Release|Win32
		{7D171B5B-87B3-4A56-91FA-FB1FFFC1C2C9}.SingleImage|Any CPU.ActiveCfg = Release|x64
		{7D171B5B-87B3-4A56-91FA-FB1FFFC1C2C9}.SingleImage|Any CPU.Build.0 = Release|x64
		{7D171B5B-87B3-4A56-91FA-FB1FFFC1C2C9}.SingleImage|x64.ActiveCfg = Release|x64
		{7D171B5B-87B3-4A56-91FA-FB1FFFC1C2C9}.SingleImage|x64.Build.0 = Release|x64
		{7D171B5B-87B3-4A56-91FA-FB1FFFC1C2C9}.SingleImage|x86.ActiveCfg = Release|Win32
		{7D171B5B-87B3-4A56-91FA-FB1FFFC1C2C9}.SingleImage|x86.Build.0 = Release|Win32
		{041549F7-AA1E-4FD9-9AA7-39A5497B7402}.CD_ROM|Any CPU.ActiveCfg = Release|Any CPU
		{041549F7-AA1E-4FD9-9AA7-39A5497B7402}.CD_ROM|Any CPU.Build.0 = Release|Any CPU
		{041549F7-AA1E-4FD9-9AA7-39A5497B7402}.CD_ROM|x64.ActiveCfg = Release|Any CPU
		{041549F7-AA1E-4FD9-9AA7-39A5497B7402}.CD_ROM|x64.Build.0 = Release|Any CPU
		{041549F7-AA1E-4FD9-9AA7-39A5497B7402}.CD_ROM|x86.ActiveCfg = Release|Any CPU
		{041549F7-AA1E-4FD9-9AA7-39A5497B7402}.CD_ROM|x86.Build.0 = Release|Any CPU
		{041549F7-AA1E-4FD9-9AA7-39A5497B7402}.Debug|Any CPU.ActiveCfg = Debug|Any CPU
		{041549F7-AA1E-4FD9-9AA7-39A5497B7402}.Debug|Any CPU.Build.0 = Debug|Any CPU
		{041549F7-AA1E-4FD9-9AA7-39A5497B7402}.Debug|x64.ActiveCfg = Debug|Any CPU
		{041549F7-AA1E-4FD9-9AA7-39A5497B7402}.Debug|x64.Build.0 = Debug|Any CPU
		{041549F7-AA1E-4FD9-9AA7-39A5497B7402}.Debug|x86.ActiveCfg = Debug|Any CPU
		{041549F7-AA1E-4FD9-9AA7-39A5497B7402}.Debug|x86.Build.0 = Debug|Any CPU
		{041549F7-AA1E-4FD9-9AA7-39A5497B7402}.DVD-5|Any CPU.ActiveCfg = Debug|Any CPU
		{041549F7-AA1E-4FD9-9AA7-39A5497B7402}.DVD-5|Any CPU.Build.0 = Debug|Any CPU
		{041549F7-AA1E-4FD9-9AA7-39A5497B7402}.DVD-5|x64.ActiveCfg = Debug|Any CPU
		{041549F7-AA1E-4FD9-9AA7-39A5497B7402}.DVD-5|x64.Build.0 = Debug|Any CPU
		{041549F7-AA1E-4FD9-9AA7-39A5497B7402}.DVD-5|x86.ActiveCfg = Debug|Any CPU
		{041549F7-AA1E-4FD9-9AA7-39A5497B7402}.DVD-5|x86.Build.0 = Debug|Any CPU
		{041549F7-AA1E-4FD9-9AA7-39A5497B7402}.Release|Any CPU.ActiveCfg = Release|Any CPU
		{041549F7-AA1E-4FD9-9AA7-39A5497B7402}.Release|Any CPU.Build.0 = Release|Any CPU
		{041549F7-AA1E-4FD9-9AA7-39A5497B7402}.Release|x64.ActiveCfg = Release|Any CPU
		{041549F7-AA1E-4FD9-9AA7-39A5497B7402}.Release|x64.Build.0 = Release|Any CPU
		{041549F7-AA1E-4FD9-9AA7-39A5497B7402}.Release|x86.ActiveCfg = Release|Any CPU
		{041549F7-AA1E-4FD9-9AA7-39A5497B7402}.Release|x86.Build.0 = Release|Any CPU
		{041549F7-AA1E-4FD9-9AA7-39A5497B7402}.SingleImage|Any CPU.ActiveCfg = Release|Any CPU
		{041549F7-AA1E-4FD9-9AA7-39A5497B7402}.SingleImage|Any CPU.Build.0 = Release|Any CPU
		{041549F7-AA1E-4FD9-9AA7-39A5497B7402}.SingleImage|x64.ActiveCfg = Release|Any CPU
		{041549F7-AA1E-4FD9-9AA7-39A5497B7402}.SingleImage|x64.Build.0 = Release|Any CPU
		{041549F7-AA1E-4FD9-9AA7-39A5497B7402}.SingleImage|x86.ActiveCfg = Release|Any CPU
		{041549F7-AA1E-4FD9-9AA7-39A5497B7402}.SingleImage|x86.Build.0 = Release|Any CPU
		{1B5769C3-C52F-4E00-A68C-CB2BE2FBEFA9}.CD_ROM|Any CPU.ActiveCfg = Release|Any CPU
		{1B5769C3-C52F-4E00-A68C-CB2BE2FBEFA9}.CD_ROM|Any CPU.Build.0 = Release|Any CPU
		{1B5769C3-C52F-4E00-A68C-CB2BE2FBEFA9}.CD_ROM|x64.ActiveCfg = Release|Any CPU
		{1B5769C3-C52F-4E00-A68C-CB2BE2FBEFA9}.CD_ROM|x64.Build.0 = Release|Any CPU
		{1B5769C3-C52F-4E00-A68C-CB2BE2FBEFA9}.CD_ROM|x86.ActiveCfg = Release|Any CPU
		{1B5769C3-C52F-4E00-A68C-CB2BE2FBEFA9}.CD_ROM|x86.Build.0 = Release|Any CPU
		{1B5769C3-C52F-4E00-A68C-CB2BE2FBEFA9}.Debug|Any CPU.ActiveCfg = Debug|Any CPU
		{1B5769C3-C52F-4E00-A68C-CB2BE2FBEFA9}.Debug|Any CPU.Build.0 = Debug|Any CPU
		{1B5769C3-C52F-4E00-A68C-CB2BE2FBEFA9}.Debug|x64.ActiveCfg = Debug|Any CPU
		{1B5769C3-C52F-4E00-A68C-CB2BE2FBEFA9}.Debug|x64.Build.0 = Debug|Any CPU
		{1B5769C3-C52F-4E00-A68C-CB2BE2FBEFA9}.Debug|x86.ActiveCfg = Debug|Any CPU
		{1B5769C3-C52F-4E00-A68C-CB2BE2FBEFA9}.Debug|x86.Build.0 = Debug|Any CPU
		{1B5769C3-C52F-4E00-A68C-CB2BE2FBEFA9}.DVD-5|Any CPU.ActiveCfg = Debug|Any CPU
		{1B5769C3-C52F-4E00-A68C-CB2BE2FBEFA9}.DVD-5|Any CPU.Build.0 = Debug|Any CPU
		{1B5769C3-C52F-4E00-A68C-CB2BE2FBEFA9}.DVD-5|x64.ActiveCfg = Debug|Any CPU
		{1B5769C3-C52F-4E00-A68C-CB2BE2FBEFA9}.DVD-5|x64.Build.0 = Debug|Any CPU
		{1B5769C3-C52F-4E00-A68C-CB2BE2FBEFA9}.DVD-5|x86.ActiveCfg = Debug|Any CPU
		{1B5769C3-C52F-4E00-A68C-CB2BE2FBEFA9}.DVD-5|x86.Build.0 = Debug|Any CPU
		{1B5769C3-C52F-4E00-A68C-CB2BE2FBEFA9}.Release|Any CPU.ActiveCfg = Release|Any CPU
		{1B5769C3-C52F-4E00-A68C-CB2BE2FBEFA9}.Release|Any CPU.Build.0 = Release|Any CPU
		{1B5769C3-C52F-4E00-A68C-CB2BE2FBEFA9}.Release|x64.ActiveCfg = Release|Any CPU
		{1B5769C3-C52F-4E00-A68C-CB2BE2FBEFA9}.Release|x64.Build.0 = Release|Any CPU
		{1B5769C3-C52F-4E00-A68C-CB2BE2FBEFA9}.Release|x86.ActiveCfg = Release|Any CPU
		{1B5769C3-C52F-4E00-A68C-CB2BE2FBEFA9}.Release|x86.Build.0 = Release|Any CPU
		{1B5769C3-C52F-4E00-A68C-CB2BE2FBEFA9}.SingleImage|Any CPU.ActiveCfg = Release|Any CPU
		{1B5769C3-C52F-4E00-A68C-CB2BE2FBEFA9}.SingleImage|Any CPU.Build.0 = Release|Any CPU
		{1B5769C3-C52F-4E00-A68C-CB2BE2FBEFA9}.SingleImage|x64.ActiveCfg = Release|Any CPU
		{1B5769C3-C52F-4E00-A68C-CB2BE2FBEFA9}.SingleImage|x64.Build.0 = Release|Any CPU
		{1B5769C3-C52F-4E00-A68C-CB2BE2FBEFA9}.SingleImage|x86.ActiveCfg = Release|Any CPU
		{1B5769C3-C52F-4E00-A68C-CB2BE2FBEFA9}.SingleImage|x86.Build.0 = Release|Any CPU
		{274BAB71-DF15-42DD-AE5C-9795E3D53828}.CD_ROM|Any CPU.ActiveCfg = Release|Any CPU
		{274BAB71-DF15-42DD-AE5C-9795E3D53828}.CD_ROM|Any CPU.Build.0 = Release|Any CPU
		{274BAB71-DF15-42DD-AE5C-9795E3D53828}.CD_ROM|x64.ActiveCfg = Release|Any CPU
		{274BAB71-DF15-42DD-AE5C-9795E3D53828}.CD_ROM|x64.Build.0 = Release|Any CPU
		{274BAB71-DF15-42DD-AE5C-9795E3D53828}.CD_ROM|x86.ActiveCfg = Release|Any CPU
		{274BAB71-DF15-42DD-AE5C-9795E3D53828}.CD_ROM|x86.Build.0 = Release|Any CPU
		{274BAB71-DF15-42DD-AE5C-9795E3D53828}.Debug|Any CPU.ActiveCfg = Debug|Any CPU
		{274BAB71-DF15-42DD-AE5C-9795E3D53828}.Debug|Any CPU.Build.0 = Debug|Any CPU
		{274BAB71-DF15-42DD-AE5C-9795E3D53828}.Debug|x64.ActiveCfg = Debug|Any CPU
		{274BAB71-DF15-42DD-AE5C-9795E3D53828}.Debug|x64.Build.0 = Debug|Any CPU
		{274BAB71-DF15-42DD-AE5C-9795E3D53828}.Debug|x86.ActiveCfg = Debug|Any CPU
		{274BAB71-DF15-42DD-AE5C-9795E3D53828}.Debug|x86.Build.0 = Debug|Any CPU
		{274BAB71-DF15-42DD-AE5C-9795E3D53828}.DVD-5|Any CPU.ActiveCfg = Debug|Any CPU
		{274BAB71-DF15-42DD-AE5C-9795E3D53828}.DVD-5|Any CPU.Build.0 = Debug|Any CPU
		{274BAB71-DF15-42DD-AE5C-9795E3D53828}.DVD-5|x64.ActiveCfg = Debug|Any CPU
		{274BAB71-DF15-42DD-AE5C-9795E3D53828}.DVD-5|x64.Build.0 = Debug|Any CPU
		{274BAB71-DF15-42DD-AE5C-9795E3D53828}.DVD-5|x86.ActiveCfg = Debug|Any CPU
		{274BAB71-DF15-42DD-AE5C-9795E3D53828}.DVD-5|x86.Build.0 = Debug|Any CPU
		{274BAB71-DF15-42DD-AE5C-9795E3D53828}.Release|Any CPU.ActiveCfg = Release|Any CPU
		{274BAB71-DF15-42DD-AE5C-9795E3D53828}.Release|Any CPU.Build.0 = Release|Any CPU
		{274BAB71-DF15-42DD-AE5C-9795E3D53828}.Release|x64.ActiveCfg = Release|Any CPU
		{274BAB71-DF15-42DD-AE5C-9795E3D53828}.Release|x64.Build.0 = Release|Any CPU
		{274BAB71-DF15-42DD-AE5C-9795E3D53828}.Release|x86.ActiveCfg = Release|Any CPU
		{274BAB71-DF15-42DD-AE5C-9795E3D53828}.Release|x86.Build.0 = Release|Any CPU
		{274BAB71-DF15-42DD-AE5C-9795E3D53828}.SingleImage|Any CPU.ActiveCfg = Release|Any CPU
		{274BAB71-DF15-42DD-AE5C-9795E3D53828}.SingleImage|Any CPU.Build.0 = Release|Any CPU
		{274BAB71-DF15-42DD-AE5C-9795E3D53828}.SingleImage|x64.ActiveCfg = Release|Any CPU
		{274BAB71-DF15-42DD-AE5C-9795E3D53828}.SingleImage|x64.Build.0 = Release|Any CPU
		{274BAB71-DF15-42DD-AE5C-9795E3D53828}.SingleImage|x86.ActiveCfg = Release|Any CPU
		{274BAB71-DF15-42DD-AE5C-9795E3D53828}.SingleImage|x86.Build.0 = Release|Any CPU
		{1A219133-1126-4B64-AE70-369B06ABC9EB}.CD_ROM|Any CPU.ActiveCfg = Release|Any CPU
		{1A219133-1126-4B64-AE70-369B06ABC9EB}.CD_ROM|Any CPU.Build.0 = Release|Any CPU
		{1A219133-1126-4B64-AE70-369B06ABC9EB}.CD_ROM|x64.ActiveCfg = Release|Any CPU
		{1A219133-1126-4B64-AE70-369B06ABC9EB}.CD_ROM|x64.Build.0 = Release|Any CPU
		{1A219133-1126-4B64-AE70-369B06ABC9EB}.CD_ROM|x86.ActiveCfg = Release|Any CPU
		{1A219133-1126-4B64-AE70-369B06ABC9EB}.CD_ROM|x86.Build.0 = Release|Any CPU
		{1A219133-1126-4B64-AE70-369B06ABC9EB}.Debug|Any CPU.ActiveCfg = Debug|Any CPU
		{1A219133-1126-4B64-AE70-369B06ABC9EB}.Debug|Any CPU.Build.0 = Debug|Any CPU
		{1A219133-1126-4B64-AE70-369B06ABC9EB}.Debug|x64.ActiveCfg = Debug|Any CPU
		{1A219133-1126-4B64-AE70-369B06ABC9EB}.Debug|x64.Build.0 = Debug|Any CPU
		{1A219133-1126-4B64-AE70-369B06ABC9EB}.Debug|x86.ActiveCfg = Debug|Any CPU
		{1A219133-1126-4B64-AE70-369B06ABC9EB}.Debug|x86.Build.0 = Debug|Any CPU
		{1A219133-1126-4B64-AE70-369B06ABC9EB}.DVD-5|Any CPU.ActiveCfg = Debug|Any CPU
		{1A219133-1126-4B64-AE70-369B06ABC9EB}.DVD-5|Any CPU.Build.0 = Debug|Any CPU
		{1A219133-1126-4B64-AE70-369B06ABC9EB}.DVD-5|x64.ActiveCfg = Debug|Any CPU
		{1A219133-1126-4B64-AE70-369B06ABC9EB}.DVD-5|x64.Build.0 = Debug|Any CPU
		{1A219133-1126-4B64-AE70-369B06ABC9EB}.DVD-5|x86.ActiveCfg = Debug|Any CPU
		{1A219133-1126-4B64-AE70-369B06ABC9EB}.DVD-5|x86.Build.0 = Debug|Any CPU
		{1A219133-1126-4B64-AE70-369B06ABC9EB}.Release|Any CPU.ActiveCfg = Release|Any CPU
		{1A219133-1126-4B64-AE70-369B06ABC9EB}.Release|Any CPU.Build.0 = Release|Any CPU
		{1A219133-1126-4B64-AE70-369B06ABC9EB}.Release|x64.ActiveCfg = Release|Any CPU
		{1A219133-1126-4B64-AE70-369B06ABC9EB}.Release|x64.Build.0 = Release|Any CPU
		{1A219133-1126-4B64-AE70-369B06ABC9EB}.Release|x86.ActiveCfg = Release|Any CPU
		{1A219133-1126-4B64-AE70-369B06ABC9EB}.Release|x86.Build.0 = Release|Any CPU
		{1A219133-1126-4B64-AE70-369B06ABC9EB}.SingleImage|Any CPU.ActiveCfg = Release|Any CPU
		{1A219133-1126-4B64-AE70-369B06ABC9EB}.SingleImage|Any CPU.Build.0 = Release|Any CPU
		{1A219133-1126-4B64-AE70-369B06ABC9EB}.SingleImage|x64.ActiveCfg = Release|Any CPU
		{1A219133-1126-4B64-AE70-369B06ABC9EB}.SingleImage|x64.Build.0 = Release|Any CPU
		{1A219133-1126-4B64-AE70-369B06ABC9EB}.SingleImage|x86.ActiveCfg = Release|Any CPU
		{1A219133-1126-4B64-AE70-369B06ABC9EB}.SingleImage|x86.Build.0 = Release|Any CPU
		{E3C9C8F0-E05D-45BD-97EC-42B65C5B3C66}.CD_ROM|Any CPU.ActiveCfg = Debug|Any CPU
		{E3C9C8F0-E05D-45BD-97EC-42B65C5B3C66}.CD_ROM|Any CPU.Build.0 = Debug|Any CPU
		{E3C9C8F0-E05D-45BD-97EC-42B65C5B3C66}.CD_ROM|x64.ActiveCfg = Debug|Any CPU
		{E3C9C8F0-E05D-45BD-97EC-42B65C5B3C66}.CD_ROM|x64.Build.0 = Debug|Any CPU
		{E3C9C8F0-E05D-45BD-97EC-42B65C5B3C66}.CD_ROM|x86.ActiveCfg = Debug|Any CPU
		{E3C9C8F0-E05D-45BD-97EC-42B65C5B3C66}.CD_ROM|x86.Build.0 = Debug|Any CPU
		{E3C9C8F0-E05D-45BD-97EC-42B65C5B3C66}.Debug|Any CPU.ActiveCfg = Debug|Any CPU
		{E3C9C8F0-E05D-45BD-97EC-42B65C5B3C66}.Debug|Any CPU.Build.0 = Debug|Any CPU
		{E3C9C8F0-E05D-45BD-97EC-42B65C5B3C66}.Debug|x64.ActiveCfg = Debug|Any CPU
		{E3C9C8F0-E05D-45BD-97EC-42B65C5B3C66}.Debug|x64.Build.0 = Debug|Any CPU
		{E3C9C8F0-E05D-45BD-97EC-42B65C5B3C66}.Debug|x86.ActiveCfg = Debug|Any CPU
		{E3C9C8F0-E05D-45BD-97EC-42B65C5B3C66}.Debug|x86.Build.0 = Debug|Any CPU
		{E3C9C8F0-E05D-45BD-97EC-42B65C5B3C66}.DVD-5|Any CPU.ActiveCfg = Debug|Any CPU
		{E3C9C8F0-E05D-45BD-97EC-42B65C5B3C66}.DVD-5|Any CPU.Build.0 = Debug|Any CPU
		{E3C9C8F0-E05D-45BD-97EC-42B65C5B3C66}.DVD-5|x64.ActiveCfg = Debug|Any CPU
		{E3C9C8F0-E05D-45BD-97EC-42B65C5B3C66}.DVD-5|x64.Build.0 = Debug|Any CPU
		{E3C9C8F0-E05D-45BD-97EC-42B65C5B3C66}.DVD-5|x86.ActiveCfg = Debug|Any CPU
		{E3C9C8F0-E05D-45BD-97EC-42B65C5B3C66}.DVD-5|x86.Build.0 = Debug|Any CPU
		{E3C9C8F0-E05D-45BD-97EC-42B65C5B3C66}.Release|Any CPU.ActiveCfg = Release|Any CPU
		{E3C9C8F0-E05D-45BD-97EC-42B65C5B3C66}.Release|Any CPU.Build.0 = Release|Any CPU
		{E3C9C8F0-E05D-45BD-97EC-42B65C5B3C66}.Release|x64.ActiveCfg = Release|Any CPU
		{E3C9C8F0-E05D-45BD-97EC-42B65C5B3C66}.Release|x64.Build.0 = Release|Any CPU
		{E3C9C8F0-E05D-45BD-97EC-42B65C5B3C66}.Release|x86.ActiveCfg = Release|Any CPU
		{E3C9C8F0-E05D-45BD-97EC-42B65C5B3C66}.Release|x86.Build.0 = Release|Any CPU
		{E3C9C8F0-E05D-45BD-97EC-42B65C5B3C66}.SingleImage|Any CPU.ActiveCfg = Debug|Any CPU
		{E3C9C8F0-E05D-45BD-97EC-42B65C5B3C66}.SingleImage|Any CPU.Build.0 = Debug|Any CPU
		{E3C9C8F0-E05D-45BD-97EC-42B65C5B3C66}.SingleImage|x64.ActiveCfg = Debug|Any CPU
		{E3C9C8F0-E05D-45BD-97EC-42B65C5B3C66}.SingleImage|x64.Build.0 = Debug|Any CPU
		{E3C9C8F0-E05D-45BD-97EC-42B65C5B3C66}.SingleImage|x86.ActiveCfg = Debug|Any CPU
		{E3C9C8F0-E05D-45BD-97EC-42B65C5B3C66}.SingleImage|x86.Build.0 = Debug|Any CPU
		{2424B81B-FAF7-42F0-AC41-A63337654F7A}.CD_ROM|Any CPU.ActiveCfg = Debug|Win32
		{2424B81B-FAF7-42F0-AC41-A63337654F7A}.CD_ROM|Any CPU.Build.0 = Debug|Win32
		{2424B81B-FAF7-42F0-AC41-A63337654F7A}.CD_ROM|x64.ActiveCfg = Debug|x64
		{2424B81B-FAF7-42F0-AC41-A63337654F7A}.CD_ROM|x64.Build.0 = Debug|x64
		{2424B81B-FAF7-42F0-AC41-A63337654F7A}.CD_ROM|x86.ActiveCfg = Debug|Win32
		{2424B81B-FAF7-42F0-AC41-A63337654F7A}.CD_ROM|x86.Build.0 = Debug|Win32
		{2424B81B-FAF7-42F0-AC41-A63337654F7A}.Debug|Any CPU.ActiveCfg = Debug|Win32
		{2424B81B-FAF7-42F0-AC41-A63337654F7A}.Debug|x64.ActiveCfg = Debug|x64
		{2424B81B-FAF7-42F0-AC41-A63337654F7A}.Debug|x64.Build.0 = Debug|x64
		{2424B81B-FAF7-42F0-AC41-A63337654F7A}.Debug|x86.ActiveCfg = Debug|Win32
		{2424B81B-FAF7-42F0-AC41-A63337654F7A}.Debug|x86.Build.0 = Debug|Win32
		{2424B81B-FAF7-42F0-AC41-A63337654F7A}.DVD-5|Any CPU.ActiveCfg = Debug|Win32
		{2424B81B-FAF7-42F0-AC41-A63337654F7A}.DVD-5|Any CPU.Build.0 = Debug|Win32
		{2424B81B-FAF7-42F0-AC41-A63337654F7A}.DVD-5|x64.ActiveCfg = Debug|x64
		{2424B81B-FAF7-42F0-AC41-A63337654F7A}.DVD-5|x64.Build.0 = Debug|x64
		{2424B81B-FAF7-42F0-AC41-A63337654F7A}.DVD-5|x86.ActiveCfg = Debug|Win32
		{2424B81B-FAF7-42F0-AC41-A63337654F7A}.DVD-5|x86.Build.0 = Debug|Win32
		{2424B81B-FAF7-42F0-AC41-A63337654F7A}.Release|Any CPU.ActiveCfg = Release|Win32
		{2424B81B-FAF7-42F0-AC41-A63337654F7A}.Release|x64.ActiveCfg = Release|x64
		{2424B81B-FAF7-42F0-AC41-A63337654F7A}.Release|x64.Build.0 = Release|x64
		{2424B81B-FAF7-42F0-AC41-A63337654F7A}.Release|x86.ActiveCfg = Release|Win32
		{2424B81B-FAF7-42F0-AC41-A63337654F7A}.Release|x86.Build.0 = Release|Win32
		{2424B81B-FAF7-42F0-AC41-A63337654F7A}.SingleImage|Any CPU.ActiveCfg = Debug|Win32
		{2424B81B-FAF7-42F0-AC41-A63337654F7A}.SingleImage|Any CPU.Build.0 = Debug|Win32
		{2424B81B-FAF7-42F0-AC41-A63337654F7A}.SingleImage|x64.ActiveCfg = Debug|x64
		{2424B81B-FAF7-42F0-AC41-A63337654F7A}.SingleImage|x64.Build.0 = Debug|x64
		{2424B81B-FAF7-42F0-AC41-A63337654F7A}.SingleImage|x86.ActiveCfg = Debug|Win32
		{2424B81B-FAF7-42F0-AC41-A63337654F7A}.SingleImage|x86.Build.0 = Debug|Win32
		{5576778B-34EC-43AE-A62E-7A233356CDCF}.CD_ROM|Any CPU.ActiveCfg = Debug|Any CPU
		{5576778B-34EC-43AE-A62E-7A233356CDCF}.CD_ROM|Any CPU.Build.0 = Debug|Any CPU
		{5576778B-34EC-43AE-A62E-7A233356CDCF}.CD_ROM|x64.ActiveCfg = Debug|Any CPU
		{5576778B-34EC-43AE-A62E-7A233356CDCF}.CD_ROM|x64.Build.0 = Debug|Any CPU
		{5576778B-34EC-43AE-A62E-7A233356CDCF}.CD_ROM|x86.ActiveCfg = Debug|Any CPU
		{5576778B-34EC-43AE-A62E-7A233356CDCF}.CD_ROM|x86.Build.0 = Debug|Any CPU
		{5576778B-34EC-43AE-A62E-7A233356CDCF}.Debug|Any CPU.ActiveCfg = Debug|Any CPU
		{5576778B-34EC-43AE-A62E-7A233356CDCF}.Debug|Any CPU.Build.0 = Debug|Any CPU
		{5576778B-34EC-43AE-A62E-7A233356CDCF}.Debug|x64.ActiveCfg = Debug|Any CPU
		{5576778B-34EC-43AE-A62E-7A233356CDCF}.Debug|x64.Build.0 = Debug|Any CPU
		{5576778B-34EC-43AE-A62E-7A233356CDCF}.Debug|x86.ActiveCfg = Debug|Any CPU
		{5576778B-34EC-43AE-A62E-7A233356CDCF}.Debug|x86.Build.0 = Debug|Any CPU
		{5576778B-34EC-43AE-A62E-7A233356CDCF}.DVD-5|Any CPU.ActiveCfg = Debug|Any CPU
		{5576778B-34EC-43AE-A62E-7A233356CDCF}.DVD-5|Any CPU.Build.0 = Debug|Any CPU
		{5576778B-34EC-43AE-A62E-7A233356CDCF}.DVD-5|x64.ActiveCfg = Debug|Any CPU
		{5576778B-34EC-43AE-A62E-7A233356CDCF}.DVD-5|x64.Build.0 = Debug|Any CPU
		{5576778B-34EC-43AE-A62E-7A233356CDCF}.DVD-5|x86.ActiveCfg = Debug|Any CPU
		{5576778B-34EC-43AE-A62E-7A233356CDCF}.DVD-5|x86.Build.0 = Debug|Any CPU
		{5576778B-34EC-43AE-A62E-7A233356CDCF}.Release|Any CPU.ActiveCfg = Release|Any CPU
		{5576778B-34EC-43AE-A62E-7A233356CDCF}.Release|Any CPU.Build.0 = Release|Any CPU
		{5576778B-34EC-43AE-A62E-7A233356CDCF}.Release|x64.ActiveCfg = Release|Any CPU
		{5576778B-34EC-43AE-A62E-7A233356CDCF}.Release|x64.Build.0 = Release|Any CPU
		{5576778B-34EC-43AE-A62E-7A233356CDCF}.Release|x86.ActiveCfg = Release|Any CPU
		{5576778B-34EC-43AE-A62E-7A233356CDCF}.Release|x86.Build.0 = Release|Any CPU
		{5576778B-34EC-43AE-A62E-7A233356CDCF}.SingleImage|Any CPU.ActiveCfg = Debug|Any CPU
		{5576778B-34EC-43AE-A62E-7A233356CDCF}.SingleImage|Any CPU.Build.0 = Debug|Any CPU
		{5576778B-34EC-43AE-A62E-7A233356CDCF}.SingleImage|x64.ActiveCfg = Debug|Any CPU
		{5576778B-34EC-43AE-A62E-7A233356CDCF}.SingleImage|x64.Build.0 = Debug|Any CPU
		{5576778B-34EC-43AE-A62E-7A233356CDCF}.SingleImage|x86.ActiveCfg = Debug|Any CPU
		{5576778B-34EC-43AE-A62E-7A233356CDCF}.SingleImage|x86.Build.0 = Debug|Any CPU
		{2CF5BA37-FE2F-404C-AFFD-420E73A17C4B}.CD_ROM|Any CPU.ActiveCfg = Debug|Any CPU
		{2CF5BA37-FE2F-404C-AFFD-420E73A17C4B}.CD_ROM|Any CPU.Build.0 = Debug|Any CPU
		{2CF5BA37-FE2F-404C-AFFD-420E73A17C4B}.CD_ROM|x64.ActiveCfg = Debug|Any CPU
		{2CF5BA37-FE2F-404C-AFFD-420E73A17C4B}.CD_ROM|x64.Build.0 = Debug|Any CPU
		{2CF5BA37-FE2F-404C-AFFD-420E73A17C4B}.CD_ROM|x86.ActiveCfg = Debug|Any CPU
		{2CF5BA37-FE2F-404C-AFFD-420E73A17C4B}.CD_ROM|x86.Build.0 = Debug|Any CPU
		{2CF5BA37-FE2F-404C-AFFD-420E73A17C4B}.Debug|Any CPU.ActiveCfg = Debug|Any CPU
		{2CF5BA37-FE2F-404C-AFFD-420E73A17C4B}.Debug|Any CPU.Build.0 = Debug|Any CPU
		{2CF5BA37-FE2F-404C-AFFD-420E73A17C4B}.Debug|x64.ActiveCfg = Debug|Any CPU
		{2CF5BA37-FE2F-404C-AFFD-420E73A17C4B}.Debug|x64.Build.0 = Debug|Any CPU
		{2CF5BA37-FE2F-404C-AFFD-420E73A17C4B}.Debug|x86.ActiveCfg = Debug|Any CPU
		{2CF5BA37-FE2F-404C-AFFD-420E73A17C4B}.Debug|x86.Build.0 = Debug|Any CPU
		{2CF5BA37-FE2F-404C-AFFD-420E73A17C4B}.DVD-5|Any CPU.ActiveCfg = Debug|Any CPU
		{2CF5BA37-FE2F-404C-AFFD-420E73A17C4B}.DVD-5|Any CPU.Build.0 = Debug|Any CPU
		{2CF5BA37-FE2F-404C-AFFD-420E73A17C4B}.DVD-5|x64.ActiveCfg = Debug|Any CPU
		{2CF5BA37-FE2F-404C-AFFD-420E73A17C4B}.DVD-5|x64.Build.0 = Debug|Any CPU
		{2CF5BA37-FE2F-404C-AFFD-420E73A17C4B}.DVD-5|x86.ActiveCfg = Debug|Any CPU
		{2CF5BA37-FE2F-404C-AFFD-420E73A17C4B}.DVD-5|x86.Build.0 = Debug|Any CPU
		{2CF5BA37-FE2F-404C-AFFD-420E73A17C4B}.Release|Any CPU.ActiveCfg = Release|Any CPU
		{2CF5BA37-FE2F-404C-AFFD-420E73A17C4B}.Release|Any CPU.Build.0 = Release|Any CPU
		{2CF5BA37-FE2F-404C-AFFD-420E73A17C4B}.Release|x64.ActiveCfg = Release|Any CPU
		{2CF5BA37-FE2F-404C-AFFD-420E73A17C4B}.Release|x64.Build.0 = Release|Any CPU
		{2CF5BA37-FE2F-404C-AFFD-420E73A17C4B}.Release|x86.ActiveCfg = Release|Any CPU
		{2CF5BA37-FE2F-404C-AFFD-420E73A17C4B}.Release|x86.Build.0 = Release|Any CPU
		{2CF5BA37-FE2F-404C-AFFD-420E73A17C4B}.SingleImage|Any CPU.ActiveCfg = Debug|Any CPU
		{2CF5BA37-FE2F-404C-AFFD-420E73A17C4B}.SingleImage|Any CPU.Build.0 = Debug|Any CPU
		{2CF5BA37-FE2F-404C-AFFD-420E73A17C4B}.SingleImage|x64.ActiveCfg = Debug|Any CPU
		{2CF5BA37-FE2F-404C-AFFD-420E73A17C4B}.SingleImage|x64.Build.0 = Debug|Any CPU
		{2CF5BA37-FE2F-404C-AFFD-420E73A17C4B}.SingleImage|x86.ActiveCfg = Debug|Any CPU
		{2CF5BA37-FE2F-404C-AFFD-420E73A17C4B}.SingleImage|x86.Build.0 = Debug|Any CPU
		{B66479B8-22EE-408E-8B2F-F86BD948B47A}.CD_ROM|Any CPU.ActiveCfg = Debug|Any CPU
		{B66479B8-22EE-408E-8B2F-F86BD948B47A}.CD_ROM|Any CPU.Build.0 = Debug|Any CPU
		{B66479B8-22EE-408E-8B2F-F86BD948B47A}.CD_ROM|x64.ActiveCfg = Debug|Any CPU
		{B66479B8-22EE-408E-8B2F-F86BD948B47A}.CD_ROM|x64.Build.0 = Debug|Any CPU
		{B66479B8-22EE-408E-8B2F-F86BD948B47A}.CD_ROM|x86.ActiveCfg = Debug|Any CPU
		{B66479B8-22EE-408E-8B2F-F86BD948B47A}.CD_ROM|x86.Build.0 = Debug|Any CPU
		{B66479B8-22EE-408E-8B2F-F86BD948B47A}.Debug|Any CPU.ActiveCfg = Debug|Any CPU
		{B66479B8-22EE-408E-8B2F-F86BD948B47A}.Debug|Any CPU.Build.0 = Debug|Any CPU
		{B66479B8-22EE-408E-8B2F-F86BD948B47A}.Debug|x64.ActiveCfg = Debug|Any CPU
		{B66479B8-22EE-408E-8B2F-F86BD948B47A}.Debug|x64.Build.0 = Debug|Any CPU
		{B66479B8-22EE-408E-8B2F-F86BD948B47A}.Debug|x86.ActiveCfg = Debug|Any CPU
		{B66479B8-22EE-408E-8B2F-F86BD948B47A}.Debug|x86.Build.0 = Debug|Any CPU
		{B66479B8-22EE-408E-8B2F-F86BD948B47A}.DVD-5|Any CPU.ActiveCfg = Debug|Any CPU
		{B66479B8-22EE-408E-8B2F-F86BD948B47A}.DVD-5|Any CPU.Build.0 = Debug|Any CPU
		{B66479B8-22EE-408E-8B2F-F86BD948B47A}.DVD-5|x64.ActiveCfg = Debug|Any CPU
		{B66479B8-22EE-408E-8B2F-F86BD948B47A}.DVD-5|x64.Build.0 = Debug|Any CPU
		{B66479B8-22EE-408E-8B2F-F86BD948B47A}.DVD-5|x86.ActiveCfg = Debug|Any CPU
		{B66479B8-22EE-408E-8B2F-F86BD948B47A}.DVD-5|x86.Build.0 = Debug|Any CPU
		{B66479B8-22EE-408E-8B2F-F86BD948B47A}.Release|Any CPU.ActiveCfg = Release|Any CPU
		{B66479B8-22EE-408E-8B2F-F86BD948B47A}.Release|Any CPU.Build.0 = Release|Any CPU
		{B66479B8-22EE-408E-8B2F-F86BD948B47A}.Release|x64.ActiveCfg = Release|Any CPU
		{B66479B8-22EE-408E-8B2F-F86BD948B47A}.Release|x64.Build.0 = Release|Any CPU
		{B66479B8-22EE-408E-8B2F-F86BD948B47A}.Release|x86.ActiveCfg = Release|Any CPU
		{B66479B8-22EE-408E-8B2F-F86BD948B47A}.Release|x86.Build.0 = Release|Any CPU
		{B66479B8-22EE-408E-8B2F-F86BD948B47A}.SingleImage|Any CPU.ActiveCfg = Debug|Any CPU
		{B66479B8-22EE-408E-8B2F-F86BD948B47A}.SingleImage|Any CPU.Build.0 = Debug|Any CPU
		{B66479B8-22EE-408E-8B2F-F86BD948B47A}.SingleImage|x64.ActiveCfg = Debug|Any CPU
		{B66479B8-22EE-408E-8B2F-F86BD948B47A}.SingleImage|x64.Build.0 = Debug|Any CPU
		{B66479B8-22EE-408E-8B2F-F86BD948B47A}.SingleImage|x86.ActiveCfg = Debug|Any CPU
		{B66479B8-22EE-408E-8B2F-F86BD948B47A}.SingleImage|x86.Build.0 = Debug|Any CPU
	EndGlobalSection
	GlobalSection(SolutionProperties) = preSolution
		HideSolutionNode = FALSE
	EndGlobalSection
	GlobalSection(NestedProjects) = preSolution
		{39FD8FEA-A76C-487D-B9BE-6AE0EEE96A2F} = {BED17DAC-D7ED-436C-BCB0-918209BE6F1B}
		{BF31AA4B-E4F3-4EC8-A96A-EAE25D9DD6DD} = {BED17DAC-D7ED-436C-BCB0-918209BE6F1B}
		{7D171B5B-87B3-4A56-91FA-FB1FFFC1C2C9} = {BED17DAC-D7ED-436C-BCB0-918209BE6F1B}
		{041549F7-AA1E-4FD9-9AA7-39A5497B7402} = {D360CA4E-E137-418F-9D21-091915AD3723}
		{1B5769C3-C52F-4E00-A68C-CB2BE2FBEFA9} = {BED17DAC-D7ED-436C-BCB0-918209BE6F1B}
		{274BAB71-DF15-42DD-AE5C-9795E3D53828} = {4A2582CF-E008-40FC-BF09-1C686EAC1B16}
		{1A219133-1126-4B64-AE70-369B06ABC9EB} = {BED17DAC-D7ED-436C-BCB0-918209BE6F1B}
		{E3C9C8F0-E05D-45BD-97EC-42B65C5B3C66} = {BED17DAC-D7ED-436C-BCB0-918209BE6F1B}
		{2424B81B-FAF7-42F0-AC41-A63337654F7A} = {BED17DAC-D7ED-436C-BCB0-918209BE6F1B}
		{2CF5BA37-FE2F-404C-AFFD-420E73A17C4B} = {D360CA4E-E137-418F-9D21-091915AD3723}
	EndGlobalSection
	GlobalSection(ExtensibilityGlobals) = postSolution
		VisualSVNWorkingCopyRoot = .
		SolutionGuid = {5EEEE8E1-6AE5-4A39-B438-5A911824AD4E}
	EndGlobalSection
EndGlobal
